
Microsoft Visual Studio Solution File, Format Version 12.00
# Visual Studio Version 17
VisualStudioVersion = 17.1.32210.238
MinimumVisualStudioVersion = 10.0.40219.1
Project("{FAE04EC0-301F-11D3-BF4B-00C04F79EFBC}") = "Quartez.App", "Quartez.App\Quartez.App.csproj", "{CBBBFA1A-E080-4E2D-960A-6872F81E9642}"
EndProject
Global
	GlobalSection(SolutionConfigurationPlatforms) = preSolution
		Debug|Any CPU = Debug|Any CPU
		Release|Any CPU = Release|Any CPU
	EndGlobalSection
	GlobalSection(ProjectConfigurationPlatforms) = postSolution
		{CBBBFA1A-E080-4E2D-960A-6872F81E9642}.Debug|Any CPU.ActiveCfg = Debug|Any CPU
		{CBBBFA1A-E080-4E2D-960A-6872F81E9642}.Debug|Any CPU.Build.0 = Debug|Any CPU
		{CBBBFA1A-E080-4E2D-960A-6872F81E9642}.Release|Any CPU.ActiveCfg = Release|Any CPU
		{CBBBFA1A-E080-4E2D-960A-6872F81E9642}.Release|Any CPU.Build.0 = Release|Any CPU
	EndGlobalSection
	GlobalSection(SolutionProperties) = preSolution
		HideSolutionNode = FALSE
	EndGlobalSection
	GlobalSection(ExtensibilityGlobals) = postSolution
		SolutionGuid = {B7046465-1979-4959-A675-DF1E900FE605}
	EndGlobalSection
EndGlobal
